
Microsoft Visual Studio Solution File, Format Version 12.00
# Visual Studio Version 17
VisualStudioVersion = 17.14.36221.1 d17.14
MinimumVisualStudioVersion = 10.0.40219.1
Project("{FAE04EC0-301F-11D3-BF4B-00C04F79EFBC}") = "BlogPostSimpleApp", "BlogPostSimpleApp\BlogPostSimpleApp.csproj", "{49895518-6022-414D-9B8D-790BA7714B7A}"
EndProject
Global
	GlobalSection(SolutionConfigurationPlatforms) = preSolution
		Debug|Any CPU = Debug|Any CPU
		Release|Any CPU = Release|Any CPU
	EndGlobalSection
	GlobalSection(ProjectConfigurationPlatforms) = postSolution
		{49895518-6022-414D-9B8D-790BA7714B7A}.Debug|Any CPU.ActiveCfg = Debug|Any CPU
		{49895518-6022-414D-9B8D-790BA7714B7A}.Debug|Any CPU.Build.0 = Debug|Any CPU
		{49895518-6022-414D-9B8D-790BA7714B7A}.Release|Any CPU.ActiveCfg = Release|Any CPU
		{49895518-6022-414D-9B8D-790BA7714B7A}.Release|Any CPU.Build.0 = Release|Any CPU
	EndGlobalSection
	GlobalSection(SolutionProperties) = preSolution
		HideSolutionNode = FALSE
	EndGlobalSection
	GlobalSection(ExtensibilityGlobals) = postSolution
		SolutionGuid = {7E1AFF15-0861-4865-A387-9243878F9AED}
	EndGlobalSection
EndGlobal
